# This file is automatically @generated by Cargo.
# It is not intended for manual editing.
version = 4

[[package]]
name = "app-core"
version = "0.1.0"

[[package]]
name = "app-firmware"
version = "0.1.0"

[[package]]
name = "app-hal"
version = "0.1.0"

[[package]]
name = "app-mock"
version = "0.1.0"
